# Runtime dependency lock for Herodium.
# Every accepted distribution is pinned by version and SHA-256.
psutil==7.2.1 \
    --hash=sha256:5e38404ca2bb30ed7267a46c02f06ff842e92da3bb8c5bfdadbd35a5722314d8 \
    --hash=sha256:f7583aec590485b43ca601dd9cea0dcd65bd7bb21d30ef4ddbf4ea6b5ed1bdd3
pyClamd==0.4.0 \
    --hash=sha256:ddd588577e5db123760b6ddaac46b5c4b1d9044a00b5d9422de59f83a55c20fe
PyYAML==6.0.3 \
    --hash=sha256:ba1cc08a7ccde2d2ec775841541641e4548226580ab850948cbfda66a1befcdc \
    --hash=sha256:d76623373421df22fb4cf8817020cbb7ef15c725b9d5e45f17e189bfc384190f
watchdog==6.0.0 \
    --hash=sha256:20ffe5b202af80ab4266dcd3e91aae72bf2da48c0d33bdb15c66658e685e94e2 \
    --hash=sha256:9ddf7c82fda3ae8e24decda1338ede66e1c99883db93711d8fb941eaa2d8c282
